// !$*UTF8*$!
{
	archiveVersion = 1;
	classes = {
	};
	objectVersion = 77;
	objects = {

/* Begin PBXBuildFile section */
		02AF3E299948EDBD49AB52B1 /* ComposeRichTextEditor.swift in Sources */ = {isa = PBXBuildFile; fileRef = 6E93684EE128A37309AE0A94 /* ComposeRichTextEditor.swift */; };
		061AF937011AB224A77EB48E /* AppTheme.swift in Sources */ = {isa = PBXBuildFile; fileRef = 53D210F6CB0B6F1530680333 /* AppTheme.swift */; };
		06A3BD86E3512DAC2AEADEB2 /* SearchQueryParser.swift in Sources */ = {isa = PBXBuildFile; fileRef = DC0DB4217B5E980F772323B7 /* SearchQueryParser.swift */; };
		09E0D6A7C881D7F76F6C9D9F /* FiltersSettingsView.swift in Sources */ = {isa = PBXBuildFile; fileRef = 76573DB9DE17A066E6E6FDD9 /* FiltersSettingsView.swift */; };
		1286013798CAD42988C193AF /* SettingsSheetView.swift in Sources */ = {isa = PBXBuildFile; fileRef = 789C13DE076FDF45C432F26B /* SettingsSheetView.swift */; };
		19FF107330BBB6FAE09E8D8E /* AppDelegate.swift in Sources */ = {isa = PBXBuildFile; fileRef = 535A10A47F117AD7E23E77B5 /* AppDelegate.swift */; };
		1F20522DD4AA7068625488CC /* FlowLayout.swift in Sources */ = {isa = PBXBuildFile; fileRef = F3485CC457F14D933E111031 /* FlowLayout.swift */; };
		1FF89C133F0D2DA9611A319F /* AppConfig.swift in Sources */ = {isa = PBXBuildFile; fileRef = 37786A9610B8F787C5525CA8 /* AppConfig.swift */; };
		21C19EA017DB404F992CC4A0 /* SearchView.swift in Sources */ = {isa = PBXBuildFile; fileRef = AF79D0DACA9A8F34DE960EEA /* SearchView.swift */; };
		24E9E69BBBB6ED3A014112F3 /* SwiftSoup in Frameworks */ = {isa = PBXBuildFile; productRef = 12C50370F1B39D0A2745664E /* SwiftSoup */; };
		28DE88037753A1734FAF6782 /* Inter-Italic.ttf in Resources */ = {isa = PBXBuildFile; fileRef = 6156B7AE9A5687DE90359781 /* Inter-Italic.ttf */; };
		2A94071C618491B2926E1A38 /* MarkdownContentView.swift in Sources */ = {isa = PBXBuildFile; fileRef = 7DA1E3393B9B60E61F888638 /* MarkdownContentView.swift */; };
		2CB7E2222524456EE00AF4A3 /* ThemeSettingsView.swift in Sources */ = {isa = PBXBuildFile; fileRef = 2A2645A47707A5FB83AB692C /* ThemeSettingsView.swift */; };
		2CF72A1440122DE40C80A499 /* Inter-Italic.ttf in Resources */ = {isa = PBXBuildFile; fileRef = 6156B7AE9A5687DE90359781 /* Inter-Italic.ttf */; };
		2DB3947D1093B6B16439842B /* Inter-Bold.ttf in Resources */ = {isa = PBXBuildFile; fileRef = CCD95D2B6409E0F2FA0959D7 /* Inter-Bold.ttf */; };
		317C209183BF569CDA6F7D84 /* ContactPillMenu.swift in Sources */ = {isa = PBXBuildFile; fileRef = ABD43709A935F7194342F7B3 /* ContactPillMenu.swift */; };
		3374A76051D224709C7CDC9F /* InboxiesCredentialProvider.appex in Embed Foundation Extensions */ = {isa = PBXBuildFile; fileRef = 8E1D02CCA12F69B381CB7809 /* InboxiesCredentialProvider.appex */; settings = {ATTRIBUTES = (RemoveHeadersOnCopy, ); }; };
		3770413860D08C5653807FD5 /* InboxDigestView.swift in Sources */ = {isa = PBXBuildFile; fileRef = 7FB6663712D0C7C547997049 /* InboxDigestView.swift */; };
		3C0C180D74BFB7BBF094FC71 /* RealTimeStreamClient.swift in Sources */ = {isa = PBXBuildFile; fileRef = F692AD79040A16E97A770F3F /* RealTimeStreamClient.swift */; };
		3C72EC4E0AB026763B5FD0CA /* OutboxQueueWorker.swift in Sources */ = {isa = PBXBuildFile; fileRef = B6EAA3D3B4846476CC7EC8A5 /* OutboxQueueWorker.swift */; };
		3DC940505BA0CE48B10AD127 /* SwipeSettingsView.swift in Sources */ = {isa = PBXBuildFile; fileRef = 8F4A9BE28CD5C12A238585ED /* SwipeSettingsView.swift */; };
		3EB3BBE9291CDA41A3B864BB /* EmailActionsSheet.swift in Sources */ = {isa = PBXBuildFile; fileRef = 5F497ABD160588BE78E714AF /* EmailActionsSheet.swift */; };
		4036CA43F66EEBABB7EBDD60 /* PushNotificationManager.swift in Sources */ = {isa = PBXBuildFile; fileRef = FD35F79DAFD4CA942872DA19 /* PushNotificationManager.swift */; };
		448C3DC7935A51152A6FDA7B /* Assets.xcassets in Resources */ = {isa = PBXBuildFile; fileRef = 9F90087071E0670883ED0ACD /* Assets.xcassets */; };
		47889E308407CEA2EBEB6704 /* ForwardingSettingsView.swift in Sources */ = {isa = PBXBuildFile; fileRef = 23EB17929E91ADAAE7BAC902 /* ForwardingSettingsView.swift */; };
		4A9AA670A55D6114A8355823 /* InboxiesApp.swift in Sources */ = {isa = PBXBuildFile; fileRef = 596607AFA8E6FA8BF2D371D9 /* InboxiesApp.swift */; };
		4BB746CC01943E75D6A9B48A /* EmailDetailView.swift in Sources */ = {isa = PBXBuildFile; fileRef = 0F7ACA3D7A218207D8E3BE44 /* EmailDetailView.swift */; };
		5132C35E8D5354EEEC478D83 /* OutboundAttachments.swift in Sources */ = {isa = PBXBuildFile; fileRef = C0F163A3B34A0B9617C93664 /* OutboundAttachments.swift */; };
		514638234040FDFA6017B5D3 /* AppConfig.swift in Sources */ = {isa = PBXBuildFile; fileRef = 37786A9610B8F787C5525CA8 /* AppConfig.swift */; };
		5510A17A43A4EE36F6302D8D /* SwipeActionPreferences.swift in Sources */ = {isa = PBXBuildFile; fileRef = 4DF5F4BC153BCF0682C4D007 /* SwipeActionPreferences.swift */; };
		56341FB47D85681AFC883737 /* Models.swift in Sources */ = {isa = PBXBuildFile; fileRef = C9EDC37ACEF16A1E83AA8E88 /* Models.swift */; };
		591B2A85338AA0864D386D58 /* AgentPromptSettingsView.swift in Sources */ = {isa = PBXBuildFile; fileRef = 00205AEB0B508D541F52DF70 /* AgentPromptSettingsView.swift */; };
		5A7F7E5E7E706B871C00DD32 /* SharedSession.swift in Sources */ = {isa = PBXBuildFile; fileRef = 850C4C597D07AFD8C475B162 /* SharedSession.swift */; };
		5C1AC64643194A4F397B7200 /* SendersSettingsView.swift in Sources */ = {isa = PBXBuildFile; fileRef = 980CAABDCDC902B32048C356 /* SendersSettingsView.swift */; };
		5F3CF3395E621B762337B75F /* DatabaseService.swift in Sources */ = {isa = PBXBuildFile; fileRef = C97C8E32E058FDC6AE3A2A3F /* DatabaseService.swift */; };
		650F811FE367031CBA140324 /* EmailBodyView.swift in Sources */ = {isa = PBXBuildFile; fileRef = B8A432039F72F28C3CB4B1FF /* EmailBodyView.swift */; };
		69F21D5C6787D7D539D546AD /* AttachmentListView.swift in Sources */ = {isa = PBXBuildFile; fileRef = 4967C5636D2A7E39ACE3E337 /* AttachmentListView.swift */; };
		6CA4B65B3CF144644AF4EB1A /* ComposeSheetView.swift in Sources */ = {isa = PBXBuildFile; fileRef = 1D9BCCA2D7465A3A3E00D1BC /* ComposeSheetView.swift */; };
		6D12A46B63106251C99390BB /* EmailListView.swift in Sources */ = {isa = PBXBuildFile; fileRef = E51724FD6B45BEDFE570B2A8 /* EmailListView.swift */; };
		70FD6A8944FFB04CF64D387B /* AutoReplySettingsView.swift in Sources */ = {isa = PBXBuildFile; fileRef = 273A93AC90119EF2F433C2D5 /* AutoReplySettingsView.swift */; };
		735E1C05C28F1E399465E7C4 /* ThemeMode.swift in Sources */ = {isa = PBXBuildFile; fileRef = 168D2CAE4DACFFB82CF3CA0B /* ThemeMode.swift */; };
		75A4335D7625EC3BC35E54D6 /* AppModel.swift in Sources */ = {isa = PBXBuildFile; fileRef = 4D03BF25CB75DAA494A700AA /* AppModel.swift */; };
		76E533F5BBAAC5A9851FA00F /* ComposeFormModel.swift in Sources */ = {isa = PBXBuildFile; fileRef = 2F5E3708A0F74752B1E1E925 /* ComposeFormModel.swift */; };
		784F348B65D6F07146508A52 /* AppTheme.swift in Sources */ = {isa = PBXBuildFile; fileRef = 53D210F6CB0B6F1530680333 /* AppTheme.swift */; };
		7B7D0DD6B5B25BDC18FE5ED1 /* TextFlowLayout.swift in Sources */ = {isa = PBXBuildFile; fileRef = 12613485B3CE7F30A1BA6DDE /* TextFlowLayout.swift */; };
		7D2CDD2843503E54076623F8 /* Inter-Regular.ttf in Resources */ = {isa = PBXBuildFile; fileRef = 1BC58A9CE22044670D6519AB /* Inter-Regular.ttf */; };
		7D6A92FBEF9206F8E05686CA /* ContactPillParser.swift in Sources */ = {isa = PBXBuildFile; fileRef = A7FD63286EBBC3A8BC11AE66 /* ContactPillParser.swift */; };
		7EE3D39BD777F0AF92D0C1DE /* DeliveryStatus.swift in Sources */ = {isa = PBXBuildFile; fileRef = 0A95037271E59C93C4B34508 /* DeliveryStatus.swift */; };
		85EA4DC9FA14F32FF1B48E73 /* Inter-Medium.ttf in Resources */ = {isa = PBXBuildFile; fileRef = C891EC430F44EBFDE4AAEB69 /* Inter-Medium.ttf */; };
		88944A707FD0A19F995EF96B /* HomeShellView.swift in Sources */ = {isa = PBXBuildFile; fileRef = F7DF8BEBB79B2AC262704B84 /* HomeShellView.swift */; };
		88FB935CE262B3509CFCF86D /* AliasesSettingsView.swift in Sources */ = {isa = PBXBuildFile; fileRef = 1609C0BDD26430D61B1C6476 /* AliasesSettingsView.swift */; };
		8BD503C1BB8CECFACE798F77 /* UndoToastBanner.swift in Sources */ = {isa = PBXBuildFile; fileRef = 018B22BD9842565F2F766F27 /* UndoToastBanner.swift */; };
		917E0E0C5189D64E5287672A /* Inter-SemiBold.ttf in Resources */ = {isa = PBXBuildFile; fileRef = 6B151B4351CA838E67E2C95C /* Inter-SemiBold.ttf */; };
		926F05AFFEC794982B75F395 /* Inter-Medium.ttf in Resources */ = {isa = PBXBuildFile; fileRef = C891EC430F44EBFDE4AAEB69 /* Inter-Medium.ttf */; };
		9488898F1174B55B2CA31011 /* AgentChatClient.swift in Sources */ = {isa = PBXBuildFile; fileRef = B4DA859650B3CC11EE116D0A /* AgentChatClient.swift */; };
		948E2D2999B88A52F4313B1A /* Inter-Regular.ttf in Resources */ = {isa = PBXBuildFile; fileRef = 1BC58A9CE22044670D6519AB /* Inter-Regular.ttf */; };
		9FD1E22569C1571649608A34 /* ComposeActionListOverlay.swift in Sources */ = {isa = PBXBuildFile; fileRef = D7739FB6CD5F7B4E10AFE9A6 /* ComposeActionListOverlay.swift */; };
		9FF2F71614D6DD643F80844E /* APIClient.swift in Sources */ = {isa = PBXBuildFile; fileRef = 0A458C487170DA657BC2E771 /* APIClient.swift */; };
		A2394072D38F90C76FA94A72 /* ComposeDockBar.swift in Sources */ = {isa = PBXBuildFile; fileRef = F26FD269635314B4336F3D84 /* ComposeDockBar.swift */; };
		A6B605532E5FC5A2DF29CC9E /* RootView.swift in Sources */ = {isa = PBXBuildFile; fileRef = CBE6FBAD12807A14146DD27D /* RootView.swift */; };
		AB932202FDC329C27C143391 /* EmailHTMLSanitizer.swift in Sources */ = {isa = PBXBuildFile; fileRef = 8658FB20162E4931296C3338 /* EmailHTMLSanitizer.swift */; };
		AD5A72B5AFFB651EACFC1EB2 /* ChatSheetView.swift in Sources */ = {isa = PBXBuildFile; fileRef = C0EDC9246D251503A2C2895D /* ChatSheetView.swift */; };
		B157225C80D0523AE6C6CDC9 /* DomainAdminDNSView.swift in Sources */ = {isa = PBXBuildFile; fileRef = 49649C28917B9CFF9BDA12B5 /* DomainAdminDNSView.swift */; };
		BEABE6117A87AF07E976CF2E /* PreviewSupport.swift in Sources */ = {isa = PBXBuildFile; fileRef = A4D9A4CBE7DF8D0E6DA68CFB /* PreviewSupport.swift */; };
		C08F4C03E2FD7A5DEB6A55CB /* PrivateEmailRequestView.swift in Sources */ = {isa = PBXBuildFile; fileRef = 74FC3A9EFF9C884E623775CF /* PrivateEmailRequestView.swift */; };
		C5B92128F6B87965073E2E64 /* EmailActionExecutor.swift in Sources */ = {isa = PBXBuildFile; fileRef = E3D367BF95650BA4DB33A884 /* EmailActionExecutor.swift */; };
		C5E8225C2C880AC6DD2D44E8 /* AuthStore.swift in Sources */ = {isa = PBXBuildFile; fileRef = 723EAC1668DC9825FED81F4A /* AuthStore.swift */; };
		C739D111D71A04159CBC722D /* ComposeFormatChrome.swift in Sources */ = {isa = PBXBuildFile; fileRef = A6DC837F339566A42E1C94BC /* ComposeFormatChrome.swift */; };
		D1A18F95D1ED4AF08CF9EC6E /* ThemeController.swift in Sources */ = {isa = PBXBuildFile; fileRef = 686F4132F3FED4973E6530FA /* ThemeController.swift */; };
		D5566197F7B08166FD48F399 /* Inter-SemiBold.ttf in Resources */ = {isa = PBXBuildFile; fileRef = 6B151B4351CA838E67E2C95C /* Inter-SemiBold.ttf */; };
		D58D3EF1F02A06F20A858B41 /* MailboxSyncService.swift in Sources */ = {isa = PBXBuildFile; fileRef = 8304F69E9D1C222B8C2D1D6F /* MailboxSyncService.swift */; };
		DA0FACBDA64ED71EC7577126 /* SharedSession.swift in Sources */ = {isa = PBXBuildFile; fileRef = 850C4C597D07AFD8C475B162 /* SharedSession.swift */; };
		DBC178DEC913BB9FBBC95E36 /* CredentialProviderViewController.swift in Sources */ = {isa = PBXBuildFile; fileRef = 1AB27A624A1B5FCFC5D0A5E5 /* CredentialProviderViewController.swift */; };
		DDD0D7757CBEBB4D166EE59D /* SignInView.swift in Sources */ = {isa = PBXBuildFile; fileRef = DB0B99DD9B98999CB20A18B0 /* SignInView.swift */; };
		DE392527BA52567BF58C6AA2 /* SignInMethodsSettingsView.swift in Sources */ = {isa = PBXBuildFile; fileRef = B9003AA3BAEDF7626B89A4FC /* SignInMethodsSettingsView.swift */; };
		E61ADC2996F8521E2CCC68C6 /* PrivateEmailClient.swift in Sources */ = {isa = PBXBuildFile; fileRef = 469EBA3B54DC4C3853D04061 /* PrivateEmailClient.swift */; };
		E7A47B91C386B0A979463B9F /* CoverDragDismiss.swift in Sources */ = {isa = PBXBuildFile; fileRef = 58E09B194629136A59B68053 /* CoverDragDismiss.swift */; };
		F2425D0712AEABC65863A995 /* LiquidGlass.swift in Sources */ = {isa = PBXBuildFile; fileRef = 75A1EA00A322BC72F5FC673D /* LiquidGlass.swift */; };
		F40535151517BD2E4A487227 /* SharingSettingsView.swift in Sources */ = {isa = PBXBuildFile; fileRef = F15ED9A63F7F7DC5C3405A9C /* SharingSettingsView.swift */; };
		F521274C642CFF328BF02B2A /* Inter-Bold.ttf in Resources */ = {isa = PBXBuildFile; fileRef = CCD95D2B6409E0F2FA0959D7 /* Inter-Bold.ttf */; };
		F96094F83B37222A8FD02A81 /* SplashScreenView.swift in Sources */ = {isa = PBXBuildFile; fileRef = B42BE8CBB664C4EBD75372C9 /* SplashScreenView.swift */; };
		FBA191135B4D172A08F34424 /* DomainAdminSettingsView.swift in Sources */ = {isa = PBXBuildFile; fileRef = 7F56EB81F290A128A71EC93C /* DomainAdminSettingsView.swift */; };
		FFCDD7CFD3A77A3C7BB29D37 /* SearchQueryParserTests.swift in Sources */ = {isa = PBXBuildFile; fileRef = 7C1C06633CFD7648FEFF998F /* SearchQueryParserTests.swift */; };
/* End PBXBuildFile section */

/* Begin PBXContainerItemProxy section */
		18F3C5AC25C7DF8455C389DE /* PBXContainerItemProxy */ = {
			isa = PBXContainerItemProxy;
			containerPortal = 104FC2B94485F6F85DF662FD /* Project object */;
			proxyType = 1;
			remoteGlobalIDString = 5C005FCFFEB0AD7C79137BB5;
			remoteInfo = Inboxies;
		};
		A32BC5274C979F86221C0C77 /* PBXContainerItemProxy */ = {
			isa = PBXContainerItemProxy;
			containerPortal = 104FC2B94485F6F85DF662FD /* Project object */;
			proxyType = 1;
			remoteGlobalIDString = AE04431C6ED7A369045309ED;
			remoteInfo = InboxiesCredentialProvider;
		};
/* End PBXContainerItemProxy section */

/* Begin PBXCopyFilesBuildPhase section */
		4D1C83C584DBFDE481CF082E /* Embed Foundation Extensions */ = {
			isa = PBXCopyFilesBuildPhase;
			buildActionMask = 2147483647;
			dstPath = "";
			dstSubfolderSpec = 13;
			files = (
				3374A76051D224709C7CDC9F /* InboxiesCredentialProvider.appex in Embed Foundation Extensions */,
			);
			name = "Embed Foundation Extensions";
			runOnlyForDeploymentPostprocessing = 0;
		};
/* End PBXCopyFilesBuildPhase section */

/* Begin PBXFileReference section */
		00205AEB0B508D541F52DF70 /* AgentPromptSettingsView.swift */ = {isa = PBXFileReference; lastKnownFileType = sourcecode.swift; path = AgentPromptSettingsView.swift; sourceTree = "<group>"; };
		018B22BD9842565F2F766F27 /* UndoToastBanner.swift */ = {isa = PBXFileReference; lastKnownFileType = sourcecode.swift; path = UndoToastBanner.swift; sourceTree = "<group>"; };
		0A458C487170DA657BC2E771 /* APIClient.swift */ = {isa = PBXFileReference; lastKnownFileType = sourcecode.swift; path = APIClient.swift; sourceTree = "<group>"; };
		0A95037271E59C93C4B34508 /* DeliveryStatus.swift */ = {isa = PBXFileReference; lastKnownFileType = sourcecode.swift; path = DeliveryStatus.swift; sourceTree = "<group>"; };
		0F7ACA3D7A218207D8E3BE44 /* EmailDetailView.swift */ = {isa = PBXFileReference; lastKnownFileType = sourcecode.swift; path = EmailDetailView.swift; sourceTree = "<group>"; };
		12613485B3CE7F30A1BA6DDE /* TextFlowLayout.swift */ = {isa = PBXFileReference; lastKnownFileType = sourcecode.swift; path = TextFlowLayout.swift; sourceTree = "<group>"; };
		1609C0BDD26430D61B1C6476 /* AliasesSettingsView.swift */ = {isa = PBXFileReference; lastKnownFileType = sourcecode.swift; path = AliasesSettingsView.swift; sourceTree = "<group>"; };
		168D2CAE4DACFFB82CF3CA0B /* ThemeMode.swift */ = {isa = PBXFileReference; lastKnownFileType = sourcecode.swift; path = ThemeMode.swift; sourceTree = "<group>"; };
		1AB27A624A1B5FCFC5D0A5E5 /* CredentialProviderViewController.swift */ = {isa = PBXFileReference; lastKnownFileType = sourcecode.swift; path = CredentialProviderViewController.swift; sourceTree = "<group>"; };
		1BC58A9CE22044670D6519AB /* Inter-Regular.ttf */ = {isa = PBXFileReference; lastKnownFileType = file; path = "Inter-Regular.ttf"; sourceTree = "<group>"; };
		1D9BCCA2D7465A3A3E00D1BC /* ComposeSheetView.swift */ = {isa = PBXFileReference; lastKnownFileType = sourcecode.swift; path = ComposeSheetView.swift; sourceTree = "<group>"; };
		23EB17929E91ADAAE7BAC902 /* ForwardingSettingsView.swift */ = {isa = PBXFileReference; lastKnownFileType = sourcecode.swift; path = ForwardingSettingsView.swift; sourceTree = "<group>"; };
		26D571C6F679098DC92D5978 /* Info.plist */ = {isa = PBXFileReference; lastKnownFileType = text.plist; path = Info.plist; sourceTree = "<group>"; };
		273A93AC90119EF2F433C2D5 /* AutoReplySettingsView.swift */ = {isa = PBXFileReference; lastKnownFileType = sourcecode.swift; path = AutoReplySettingsView.swift; sourceTree = "<group>"; };
		2A2645A47707A5FB83AB692C /* ThemeSettingsView.swift */ = {isa = PBXFileReference; lastKnownFileType = sourcecode.swift; path = ThemeSettingsView.swift; sourceTree = "<group>"; };
		2F5E3708A0F74752B1E1E925 /* ComposeFormModel.swift */ = {isa = PBXFileReference; lastKnownFileType = sourcecode.swift; path = ComposeFormModel.swift; sourceTree = "<group>"; };
		37786A9610B8F787C5525CA8 /* AppConfig.swift */ = {isa = PBXFileReference; lastKnownFileType = sourcecode.swift; path = AppConfig.swift; sourceTree = "<group>"; };
		469EBA3B54DC4C3853D04061 /* PrivateEmailClient.swift */ = {isa = PBXFileReference; lastKnownFileType = sourcecode.swift; path = PrivateEmailClient.swift; sourceTree = "<group>"; };
		49649C28917B9CFF9BDA12B5 /* DomainAdminDNSView.swift */ = {isa = PBXFileReference; lastKnownFileType = sourcecode.swift; path = DomainAdminDNSView.swift; sourceTree = "<group>"; };
		4967C5636D2A7E39ACE3E337 /* AttachmentListView.swift */ = {isa = PBXFileReference; lastKnownFileType = sourcecode.swift; path = AttachmentListView.swift; sourceTree = "<group>"; };
		4D03BF25CB75DAA494A700AA /* AppModel.swift */ = {isa = PBXFileReference; lastKnownFileType = sourcecode.swift; path = AppModel.swift; sourceTree = "<group>"; };
		4DF5F4BC153BCF0682C4D007 /* SwipeActionPreferences.swift */ = {isa = PBXFileReference; lastKnownFileType = sourcecode.swift; path = SwipeActionPreferences.swift; sourceTree = "<group>"; };
		535A10A47F117AD7E23E77B5 /* AppDelegate.swift */ = {isa = PBXFileReference; lastKnownFileType = sourcecode.swift; path = AppDelegate.swift; sourceTree = "<group>"; };
		53D210F6CB0B6F1530680333 /* AppTheme.swift */ = {isa = PBXFileReference; lastKnownFileType = sourcecode.swift; path = AppTheme.swift; sourceTree = "<group>"; };
		58E09B194629136A59B68053 /* CoverDragDismiss.swift */ = {isa = PBXFileReference; lastKnownFileType = sourcecode.swift; path = CoverDragDismiss.swift; sourceTree = "<group>"; };
		596607AFA8E6FA8BF2D371D9 /* InboxiesApp.swift */ = {isa = PBXFileReference; lastKnownFileType = sourcecode.swift; path = InboxiesApp.swift; sourceTree = "<group>"; };
		5F497ABD160588BE78E714AF /* EmailActionsSheet.swift */ = {isa = PBXFileReference; lastKnownFileType = sourcecode.swift; path = EmailActionsSheet.swift; sourceTree = "<group>"; };
		6156B7AE9A5687DE90359781 /* Inter-Italic.ttf */ = {isa = PBXFileReference; lastKnownFileType = file; path = "Inter-Italic.ttf"; sourceTree = "<group>"; };
		62EEB4456E0B5755588C9510 /* Inboxies.entitlements */ = {isa = PBXFileReference; lastKnownFileType = text.plist.entitlements; path = Inboxies.entitlements; sourceTree = "<group>"; };
		686F4132F3FED4973E6530FA /* ThemeController.swift */ = {isa = PBXFileReference; lastKnownFileType = sourcecode.swift; path = ThemeController.swift; sourceTree = "<group>"; };
		6B151B4351CA838E67E2C95C /* Inter-SemiBold.ttf */ = {isa = PBXFileReference; lastKnownFileType = file; path = "Inter-SemiBold.ttf"; sourceTree = "<group>"; };
		6E93684EE128A37309AE0A94 /* ComposeRichTextEditor.swift */ = {isa = PBXFileReference; lastKnownFileType = sourcecode.swift; path = ComposeRichTextEditor.swift; sourceTree = "<group>"; };
		723EAC1668DC9825FED81F4A /* AuthStore.swift */ = {isa = PBXFileReference; lastKnownFileType = sourcecode.swift; path = AuthStore.swift; sourceTree = "<group>"; };
		74FC3A9EFF9C884E623775CF /* PrivateEmailRequestView.swift */ = {isa = PBXFileReference; lastKnownFileType = sourcecode.swift; path = PrivateEmailRequestView.swift; sourceTree = "<group>"; };
		75A1EA00A322BC72F5FC673D /* LiquidGlass.swift */ = {isa = PBXFileReference; lastKnownFileType = sourcecode.swift; path = LiquidGlass.swift; sourceTree = "<group>"; };
		76573DB9DE17A066E6E6FDD9 /* FiltersSettingsView.swift */ = {isa = PBXFileReference; lastKnownFileType = sourcecode.swift; path = FiltersSettingsView.swift; sourceTree = "<group>"; };
		789C13DE076FDF45C432F26B /* SettingsSheetView.swift */ = {isa = PBXFileReference; lastKnownFileType = sourcecode.swift; path = SettingsSheetView.swift; sourceTree = "<group>"; };
		7C1C06633CFD7648FEFF998F /* SearchQueryParserTests.swift */ = {isa = PBXFileReference; lastKnownFileType = sourcecode.swift; path = SearchQueryParserTests.swift; sourceTree = "<group>"; };
		7DA1E3393B9B60E61F888638 /* MarkdownContentView.swift */ = {isa = PBXFileReference; lastKnownFileType = sourcecode.swift; path = MarkdownContentView.swift; sourceTree = "<group>"; };
		7F56EB81F290A128A71EC93C /* DomainAdminSettingsView.swift */ = {isa = PBXFileReference; lastKnownFileType = sourcecode.swift; path = DomainAdminSettingsView.swift; sourceTree = "<group>"; };
		7FB6663712D0C7C547997049 /* InboxDigestView.swift */ = {isa = PBXFileReference; lastKnownFileType = sourcecode.swift; path = InboxDigestView.swift; sourceTree = "<group>"; };
		8304F69E9D1C222B8C2D1D6F /* MailboxSyncService.swift */ = {isa = PBXFileReference; lastKnownFileType = sourcecode.swift; path = MailboxSyncService.swift; sourceTree = "<group>"; };
		850C4C597D07AFD8C475B162 /* SharedSession.swift */ = {isa = PBXFileReference; lastKnownFileType = sourcecode.swift; path = SharedSession.swift; sourceTree = "<group>"; };
		8658FB20162E4931296C3338 /* EmailHTMLSanitizer.swift */ = {isa = PBXFileReference; lastKnownFileType = sourcecode.swift; path = EmailHTMLSanitizer.swift; sourceTree = "<group>"; };
		8E1D02CCA12F69B381CB7809 /* InboxiesCredentialProvider.appex */ = {isa = PBXFileReference; includeInIndex = 0; lastKnownFileType = "wrapper.app-extension"; path = InboxiesCredentialProvider.appex; sourceTree = BUILT_PRODUCTS_DIR; };
		8F4A9BE28CD5C12A238585ED /* SwipeSettingsView.swift */ = {isa = PBXFileReference; lastKnownFileType = sourcecode.swift; path = SwipeSettingsView.swift; sourceTree = "<group>"; };
		980CAABDCDC902B32048C356 /* SendersSettingsView.swift */ = {isa = PBXFileReference; lastKnownFileType = sourcecode.swift; path = SendersSettingsView.swift; sourceTree = "<group>"; };
		9F90087071E0670883ED0ACD /* Assets.xcassets */ = {isa = PBXFileReference; lastKnownFileType = folder.assetcatalog; path = Assets.xcassets; sourceTree = "<group>"; };
		A4D9A4CBE7DF8D0E6DA68CFB /* PreviewSupport.swift */ = {isa = PBXFileReference; lastKnownFileType = sourcecode.swift; path = PreviewSupport.swift; sourceTree = "<group>"; };
		A6DC837F339566A42E1C94BC /* ComposeFormatChrome.swift */ = {isa = PBXFileReference; lastKnownFileType = sourcecode.swift; path = ComposeFormatChrome.swift; sourceTree = "<group>"; };
		A7FD63286EBBC3A8BC11AE66 /* ContactPillParser.swift */ = {isa = PBXFileReference; lastKnownFileType = sourcecode.swift; path = ContactPillParser.swift; sourceTree = "<group>"; };
		ABD43709A935F7194342F7B3 /* ContactPillMenu.swift */ = {isa = PBXFileReference; lastKnownFileType = sourcecode.swift; path = ContactPillMenu.swift; sourceTree = "<group>"; };
		AF79D0DACA9A8F34DE960EEA /* SearchView.swift */ = {isa = PBXFileReference; lastKnownFileType = sourcecode.swift; path = SearchView.swift; sourceTree = "<group>"; };
		B42BE8CBB664C4EBD75372C9 /* SplashScreenView.swift */ = {isa = PBXFileReference; lastKnownFileType = sourcecode.swift; path = SplashScreenView.swift; sourceTree = "<group>"; };
		B4DA859650B3CC11EE116D0A /* AgentChatClient.swift */ = {isa = PBXFileReference; lastKnownFileType = sourcecode.swift; path = AgentChatClient.swift; sourceTree = "<group>"; };
		B6105A6868E37851072B1913 /* InboxiesTests.xctest */ = {isa = PBXFileReference; includeInIndex = 0; lastKnownFileType = wrapper.cfbundle; path = InboxiesTests.xctest; sourceTree = BUILT_PRODUCTS_DIR; };
		B6EAA3D3B4846476CC7EC8A5 /* OutboxQueueWorker.swift */ = {isa = PBXFileReference; lastKnownFileType = sourcecode.swift; path = OutboxQueueWorker.swift; sourceTree = "<group>"; };
		B8A432039F72F28C3CB4B1FF /* EmailBodyView.swift */ = {isa = PBXFileReference; lastKnownFileType = sourcecode.swift; path = EmailBodyView.swift; sourceTree = "<group>"; };
		B9003AA3BAEDF7626B89A4FC /* SignInMethodsSettingsView.swift */ = {isa = PBXFileReference; lastKnownFileType = sourcecode.swift; path = SignInMethodsSettingsView.swift; sourceTree = "<group>"; };
		C019E22F3F4AA3C5E376212F /* InboxiesCredentialProvider.entitlements */ = {isa = PBXFileReference; lastKnownFileType = text.plist.entitlements; path = InboxiesCredentialProvider.entitlements; sourceTree = "<group>"; };
		C0EDC9246D251503A2C2895D /* ChatSheetView.swift */ = {isa = PBXFileReference; lastKnownFileType = sourcecode.swift; path = ChatSheetView.swift; sourceTree = "<group>"; };
		C0F163A3B34A0B9617C93664 /* OutboundAttachments.swift */ = {isa = PBXFileReference; lastKnownFileType = sourcecode.swift; path = OutboundAttachments.swift; sourceTree = "<group>"; };
		C891EC430F44EBFDE4AAEB69 /* Inter-Medium.ttf */ = {isa = PBXFileReference; lastKnownFileType = file; path = "Inter-Medium.ttf"; sourceTree = "<group>"; };
		C97C8E32E058FDC6AE3A2A3F /* DatabaseService.swift */ = {isa = PBXFileReference; lastKnownFileType = sourcecode.swift; path = DatabaseService.swift; sourceTree = "<group>"; };
		C9EDC37ACEF16A1E83AA8E88 /* Models.swift */ = {isa = PBXFileReference; lastKnownFileType = sourcecode.swift; path = Models.swift; sourceTree = "<group>"; };
		CBE6FBAD12807A14146DD27D /* RootView.swift */ = {isa = PBXFileReference; lastKnownFileType = sourcecode.swift; path = RootView.swift; sourceTree = "<group>"; };
		CCD95D2B6409E0F2FA0959D7 /* Inter-Bold.ttf */ = {isa = PBXFileReference; lastKnownFileType = file; path = "Inter-Bold.ttf"; sourceTree = "<group>"; };
		CF9E023F2D3695A19FF9DC25 /* Info.plist */ = {isa = PBXFileReference; lastKnownFileType = text.plist; path = Info.plist; sourceTree = "<group>"; };
		D7739FB6CD5F7B4E10AFE9A6 /* ComposeActionListOverlay.swift */ = {isa = PBXFileReference; lastKnownFileType = sourcecode.swift; path = ComposeActionListOverlay.swift; sourceTree = "<group>"; };
		DB0B99DD9B98999CB20A18B0 /* SignInView.swift */ = {isa = PBXFileReference; lastKnownFileType = sourcecode.swift; path = SignInView.swift; sourceTree = "<group>"; };
		DC0DB4217B5E980F772323B7 /* SearchQueryParser.swift */ = {isa = PBXFileReference; lastKnownFileType = sourcecode.swift; path = SearchQueryParser.swift; sourceTree = "<group>"; };
		E3D367BF95650BA4DB33A884 /* EmailActionExecutor.swift */ = {isa = PBXFileReference; lastKnownFileType = sourcecode.swift; path = EmailActionExecutor.swift; sourceTree = "<group>"; };
		E51724FD6B45BEDFE570B2A8 /* EmailListView.swift */ = {isa = PBXFileReference; lastKnownFileType = sourcecode.swift; path = EmailListView.swift; sourceTree = "<group>"; };
		E5B552040CD478646C9DD689 /* Inboxies.app */ = {isa = PBXFileReference; includeInIndex = 0; lastKnownFileType = wrapper.application; path = Inboxies.app; sourceTree = BUILT_PRODUCTS_DIR; };
		F15ED9A63F7F7DC5C3405A9C /* SharingSettingsView.swift */ = {isa = PBXFileReference; lastKnownFileType = sourcecode.swift; path = SharingSettingsView.swift; sourceTree = "<group>"; };
		F26FD269635314B4336F3D84 /* ComposeDockBar.swift */ = {isa = PBXFileReference; lastKnownFileType = sourcecode.swift; path = ComposeDockBar.swift; sourceTree = "<group>"; };
		F3485CC457F14D933E111031 /* FlowLayout.swift */ = {isa = PBXFileReference; lastKnownFileType = sourcecode.swift; path = FlowLayout.swift; sourceTree = "<group>"; };
		F692AD79040A16E97A770F3F /* RealTimeStreamClient.swift */ = {isa = PBXFileReference; lastKnownFileType = sourcecode.swift; path = RealTimeStreamClient.swift; sourceTree = "<group>"; };
		F7DF8BEBB79B2AC262704B84 /* HomeShellView.swift */ = {isa = PBXFileReference; lastKnownFileType = sourcecode.swift; path = HomeShellView.swift; sourceTree = "<group>"; };
		FD35F79DAFD4CA942872DA19 /* PushNotificationManager.swift */ = {isa = PBXFileReference; lastKnownFileType = sourcecode.swift; path = PushNotificationManager.swift; sourceTree = "<group>"; };
/* End PBXFileReference section */

/* Begin PBXFrameworksBuildPhase section */
		0DEE7DA90CAD3D6F779F78D6 /* Frameworks */ = {
			isa = PBXFrameworksBuildPhase;
			buildActionMask = 2147483647;
			files = (
				24E9E69BBBB6ED3A014112F3 /* SwiftSoup in Frameworks */,
			);
			runOnlyForDeploymentPostprocessing = 0;
		};
/* End PBXFrameworksBuildPhase section */

/* Begin PBXGroup section */
		0234EFB73375A95F9CD3ED39 /* Email */ = {
			isa = PBXGroup;
			children = (
				4967C5636D2A7E39ACE3E337 /* AttachmentListView.swift */,
				5F497ABD160588BE78E714AF /* EmailActionsSheet.swift */,
				B8A432039F72F28C3CB4B1FF /* EmailBodyView.swift */,
				0F7ACA3D7A218207D8E3BE44 /* EmailDetailView.swift */,
				E51724FD6B45BEDFE570B2A8 /* EmailListView.swift */,
			);
			path = Email;
			sourceTree = "<group>";
		};
		0726760D9683C8B5039BCE09 /* Services */ = {
			isa = PBXGroup;
			children = (
				B4DA859650B3CC11EE116D0A /* AgentChatClient.swift */,
				0A458C487170DA657BC2E771 /* APIClient.swift */,
				4D03BF25CB75DAA494A700AA /* AppModel.swift */,
				723EAC1668DC9825FED81F4A /* AuthStore.swift */,
				2F5E3708A0F74752B1E1E925 /* ComposeFormModel.swift */,
				C97C8E32E058FDC6AE3A2A3F /* DatabaseService.swift */,
				0A95037271E59C93C4B34508 /* DeliveryStatus.swift */,
				E3D367BF95650BA4DB33A884 /* EmailActionExecutor.swift */,
				8658FB20162E4931296C3338 /* EmailHTMLSanitizer.swift */,
				8304F69E9D1C222B8C2D1D6F /* MailboxSyncService.swift */,
				C0F163A3B34A0B9617C93664 /* OutboundAttachments.swift */,
				B6EAA3D3B4846476CC7EC8A5 /* OutboxQueueWorker.swift */,
				FD35F79DAFD4CA942872DA19 /* PushNotificationManager.swift */,
				F692AD79040A16E97A770F3F /* RealTimeStreamClient.swift */,
				DC0DB4217B5E980F772323B7 /* SearchQueryParser.swift */,
				4DF5F4BC153BCF0682C4D007 /* SwipeActionPreferences.swift */,
			);
			path = Services;
			sourceTree = "<group>";
		};
		0E2C48B95C27F6CBFBB0C114 = {
			isa = PBXGroup;
			children = (
				163D2BDE26D722A645D1A6F5 /* Inboxies */,
				A7121AE74ECEDFE53864EE39 /* InboxiesCredentialProvider */,
				80C05B49D739E60FDA917302 /* InboxiesTests */,
				352B556DB4F70B9A8CC1FFD9 /* Products */,
			);
			sourceTree = "<group>";
		};
		130F1BF5A6C002A13F51BC22 /* Splash */ = {
			isa = PBXGroup;
			children = (
				B42BE8CBB664C4EBD75372C9 /* SplashScreenView.swift */,
			);
			path = Splash;
			sourceTree = "<group>";
		};
		163D2BDE26D722A645D1A6F5 /* Inboxies */ = {
			isa = PBXGroup;
			children = (
				535A10A47F117AD7E23E77B5 /* AppDelegate.swift */,
				9F90087071E0670883ED0ACD /* Assets.xcassets */,
				62EEB4456E0B5755588C9510 /* Inboxies.entitlements */,
				596607AFA8E6FA8BF2D371D9 /* InboxiesApp.swift */,
				26D571C6F679098DC92D5978 /* Info.plist */,
				FC9E252DAFFC3D23CF3A6013 /* Config */,
				78A2A6C2D9C60B9817B62240 /* Fonts */,
				EA1CCCAF7CCD67A436988E7E /* Models */,
				0726760D9683C8B5039BCE09 /* Services */,
				7C56F3986C4F60B334D0E6A9 /* Shared */,
				ED1C1529DD597B72A18497C4 /* Theme */,
				4C48061CE879E34960E5D036 /* Views */,
			);
			path = Inboxies;
			sourceTree = "<group>";
		};
		352B556DB4F70B9A8CC1FFD9 /* Products */ = {
			isa = PBXGroup;
			children = (
				E5B552040CD478646C9DD689 /* Inboxies.app */,
				8E1D02CCA12F69B381CB7809 /* InboxiesCredentialProvider.appex */,
				B6105A6868E37851072B1913 /* InboxiesTests.xctest */,
			);
			name = Products;
			sourceTree = "<group>";
		};
		3DC17BC455155A52C3D5A36C /* Components */ = {
			isa = PBXGroup;
			children = (
				58E09B194629136A59B68053 /* CoverDragDismiss.swift */,
				F3485CC457F14D933E111031 /* FlowLayout.swift */,
				7DA1E3393B9B60E61F888638 /* MarkdownContentView.swift */,
				12613485B3CE7F30A1BA6DDE /* TextFlowLayout.swift */,
				018B22BD9842565F2F766F27 /* UndoToastBanner.swift */,
			);
			path = Components;
			sourceTree = "<group>";
		};
		3E2940FF3DD64AA896B1CD60 /* Compose */ = {
			isa = PBXGroup;
			children = (
				F26FD269635314B4336F3D84 /* ComposeDockBar.swift */,
				A6DC837F339566A42E1C94BC /* ComposeFormatChrome.swift */,
				6E93684EE128A37309AE0A94 /* ComposeRichTextEditor.swift */,
				1D9BCCA2D7465A3A3E00D1BC /* ComposeSheetView.swift */,
			);
			path = Compose;
			sourceTree = "<group>";
		};
		47E6E386D4BE68890E1D0A18 /* Settings */ = {
			isa = PBXGroup;
			children = (
				00205AEB0B508D541F52DF70 /* AgentPromptSettingsView.swift */,
				1609C0BDD26430D61B1C6476 /* AliasesSettingsView.swift */,
				273A93AC90119EF2F433C2D5 /* AutoReplySettingsView.swift */,
				49649C28917B9CFF9BDA12B5 /* DomainAdminDNSView.swift */,
				7F56EB81F290A128A71EC93C /* DomainAdminSettingsView.swift */,
				76573DB9DE17A066E6E6FDD9 /* FiltersSettingsView.swift */,
				23EB17929E91ADAAE7BAC902 /* ForwardingSettingsView.swift */,
				980CAABDCDC902B32048C356 /* SendersSettingsView.swift */,
				789C13DE076FDF45C432F26B /* SettingsSheetView.swift */,
				F15ED9A63F7F7DC5C3405A9C /* SharingSettingsView.swift */,
				B9003AA3BAEDF7626B89A4FC /* SignInMethodsSettingsView.swift */,
				8F4A9BE28CD5C12A238585ED /* SwipeSettingsView.swift */,
				2A2645A47707A5FB83AB692C /* ThemeSettingsView.swift */,
			);
			path = Settings;
			sourceTree = "<group>";
		};
		4C48061CE879E34960E5D036 /* Views */ = {
			isa = PBXGroup;
			children = (
				A4D9A4CBE7DF8D0E6DA68CFB /* PreviewSupport.swift */,
				CBE6FBAD12807A14146DD27D /* RootView.swift */,
				E47BB05189FA9D06DD4BE4A1 /* Auth */,
				8B5BAE5896E61D1300071BFE /* Chat */,
				3DC17BC455155A52C3D5A36C /* Components */,
				3E2940FF3DD64AA896B1CD60 /* Compose */,
				0234EFB73375A95F9CD3ED39 /* Email */,
				6B95B6FCE895E50AFAE6D33A /* Home */,
				7B0204ACBD764D70271D0E57 /* Search */,
				47E6E386D4BE68890E1D0A18 /* Settings */,
				130F1BF5A6C002A13F51BC22 /* Splash */,
			);
			path = Views;
			sourceTree = "<group>";
		};
		6B95B6FCE895E50AFAE6D33A /* Home */ = {
			isa = PBXGroup;
			children = (
				D7739FB6CD5F7B4E10AFE9A6 /* ComposeActionListOverlay.swift */,
				F7DF8BEBB79B2AC262704B84 /* HomeShellView.swift */,
				7FB6663712D0C7C547997049 /* InboxDigestView.swift */,
			);
			path = Home;
			sourceTree = "<group>";
		};
		78A2A6C2D9C60B9817B62240 /* Fonts */ = {
			isa = PBXGroup;
			children = (
				CCD95D2B6409E0F2FA0959D7 /* Inter-Bold.ttf */,
				6156B7AE9A5687DE90359781 /* Inter-Italic.ttf */,
				C891EC430F44EBFDE4AAEB69 /* Inter-Medium.ttf */,
				1BC58A9CE22044670D6519AB /* Inter-Regular.ttf */,
				6B151B4351CA838E67E2C95C /* Inter-SemiBold.ttf */,
			);
			path = Fonts;
			sourceTree = "<group>";
		};
		7B0204ACBD764D70271D0E57 /* Search */ = {
			isa = PBXGroup;
			children = (
				AF79D0DACA9A8F34DE960EEA /* SearchView.swift */,
			);
			path = Search;
			sourceTree = "<group>";
		};
		7C56F3986C4F60B334D0E6A9 /* Shared */ = {
			isa = PBXGroup;
			children = (
				850C4C597D07AFD8C475B162 /* SharedSession.swift */,
			);
			path = Shared;
			sourceTree = "<group>";
		};
		80C05B49D739E60FDA917302 /* InboxiesTests */ = {
			isa = PBXGroup;
			children = (
				7C1C06633CFD7648FEFF998F /* SearchQueryParserTests.swift */,
			);
			path = InboxiesTests;
			sourceTree = "<group>";
		};
		8B5BAE5896E61D1300071BFE /* Chat */ = {
			isa = PBXGroup;
			children = (
				C0EDC9246D251503A2C2895D /* ChatSheetView.swift */,
				ABD43709A935F7194342F7B3 /* ContactPillMenu.swift */,
				A7FD63286EBBC3A8BC11AE66 /* ContactPillParser.swift */,
			);
			path = Chat;
			sourceTree = "<group>";
		};
		A7121AE74ECEDFE53864EE39 /* InboxiesCredentialProvider */ = {
			isa = PBXGroup;
			children = (
				1AB27A624A1B5FCFC5D0A5E5 /* CredentialProviderViewController.swift */,
				C019E22F3F4AA3C5E376212F /* InboxiesCredentialProvider.entitlements */,
				CF9E023F2D3695A19FF9DC25 /* Info.plist */,
				469EBA3B54DC4C3853D04061 /* PrivateEmailClient.swift */,
				74FC3A9EFF9C884E623775CF /* PrivateEmailRequestView.swift */,
			);
			path = InboxiesCredentialProvider;
			sourceTree = "<group>";
		};
		E47BB05189FA9D06DD4BE4A1 /* Auth */ = {
			isa = PBXGroup;
			children = (
				DB0B99DD9B98999CB20A18B0 /* SignInView.swift */,
			);
			path = Auth;
			sourceTree = "<group>";
		};
		EA1CCCAF7CCD67A436988E7E /* Models */ = {
			isa = PBXGroup;
			children = (
				C9EDC37ACEF16A1E83AA8E88 /* Models.swift */,
			);
			path = Models;
			sourceTree = "<group>";
		};
		ED1C1529DD597B72A18497C4 /* Theme */ = {
			isa = PBXGroup;
			children = (
				53D210F6CB0B6F1530680333 /* AppTheme.swift */,
				75A1EA00A322BC72F5FC673D /* LiquidGlass.swift */,
				686F4132F3FED4973E6530FA /* ThemeController.swift */,
				168D2CAE4DACFFB82CF3CA0B /* ThemeMode.swift */,
			);
			path = Theme;
			sourceTree = "<group>";
		};
		FC9E252DAFFC3D23CF3A6013 /* Config */ = {
			isa = PBXGroup;
			children = (
				37786A9610B8F787C5525CA8 /* AppConfig.swift */,
			);
			path = Config;
			sourceTree = "<group>";
		};
/* End PBXGroup section */

/* Begin PBXNativeTarget section */
		3360CDCBB929592264F4BF9E /* InboxiesTests */ = {
			isa = PBXNativeTarget;
			buildConfigurationList = 4FB2D3FB7BCE3E583DF7CD47 /* Build configuration list for PBXNativeTarget "InboxiesTests" */;
			buildPhases = (
				1E21147825F61C109A75E370 /* Sources */,
			);
			buildRules = (
			);
			dependencies = (
				6DD2AC3ABAC0E64B7BE1E13D /* PBXTargetDependency */,
			);
			name = InboxiesTests;
			packageProductDependencies = (
			);
			productName = InboxiesTests;
			productReference = B6105A6868E37851072B1913 /* InboxiesTests.xctest */;
			productType = "com.apple.product-type.bundle.unit-test";
		};
		5C005FCFFEB0AD7C79137BB5 /* Inboxies */ = {
			isa = PBXNativeTarget;
			buildConfigurationList = A453F637085FA60D1FD69253 /* Build configuration list for PBXNativeTarget "Inboxies" */;
			buildPhases = (
				169B6F73C573FCE476F1AA65 /* Sources */,
				E359F7E3C003EAE4EDFAC39E /* Resources */,
				0DEE7DA90CAD3D6F779F78D6 /* Frameworks */,
				4D1C83C584DBFDE481CF082E /* Embed Foundation Extensions */,
			);
			buildRules = (
			);
			dependencies = (
				7E26BF759B674B52EC24ED78 /* PBXTargetDependency */,
			);
			name = Inboxies;
			packageProductDependencies = (
				12C50370F1B39D0A2745664E /* SwiftSoup */,
			);
			productName = Inboxies;
			productReference = E5B552040CD478646C9DD689 /* Inboxies.app */;
			productType = "com.apple.product-type.application";
		};
		AE04431C6ED7A369045309ED /* InboxiesCredentialProvider */ = {
			isa = PBXNativeTarget;
			buildConfigurationList = 85DFDFC9D21A8E57F9AD34C1 /* Build configuration list for PBXNativeTarget "InboxiesCredentialProvider" */;
			buildPhases = (
				70EDEE17F2784254CF046A5A /* Sources */,
				81BEB06079699D721110607E /* Resources */,
			);
			buildRules = (
			);
			dependencies = (
			);
			name = InboxiesCredentialProvider;
			packageProductDependencies = (
			);
			productName = InboxiesCredentialProvider;
			productReference = 8E1D02CCA12F69B381CB7809 /* InboxiesCredentialProvider.appex */;
			productType = "com.apple.product-type.app-extension";
		};
/* End PBXNativeTarget section */

/* Begin PBXProject section */
		104FC2B94485F6F85DF662FD /* Project object */ = {
			isa = PBXProject;
			attributes = {
				BuildIndependentTargetsInParallel = YES;
				LastUpgradeCheck = 2700;
				TargetAttributes = {
					3360CDCBB929592264F4BF9E = {
						DevelopmentTeam = B6X6773H7F;
						ProvisioningStyle = Automatic;
					};
					5C005FCFFEB0AD7C79137BB5 = {
						DevelopmentTeam = B6X6773H7F;
						ProvisioningStyle = Automatic;
					};
					AE04431C6ED7A369045309ED = {
						DevelopmentTeam = B6X6773H7F;
						ProvisioningStyle = Automatic;
					};
				};
			};
			buildConfigurationList = AD1353049CB58D7C781B7AF6 /* Build configuration list for PBXProject "Inboxies" */;
			developmentRegion = en;
			hasScannedForEncodings = 0;
			knownRegions = (
				Base,
				en,
			);
			mainGroup = 0E2C48B95C27F6CBFBB0C114;
			minimizedProjectReferenceProxies = 1;
			packageReferences = (
				91975146B580DF00B70C2968 /* XCRemoteSwiftPackageReference "SwiftSoup" */,
			);
			preferredProjectObjectVersion = 77;
			productRefGroup = 352B556DB4F70B9A8CC1FFD9 /* Products */;
			projectDirPath = "";
			projectRoot = "";
			targets = (
				5C005FCFFEB0AD7C79137BB5 /* Inboxies */,
				AE04431C6ED7A369045309ED /* InboxiesCredentialProvider */,
				3360CDCBB929592264F4BF9E /* InboxiesTests */,
			);
		};
/* End PBXProject section */

/* Begin PBXResourcesBuildPhase section */
		81BEB06079699D721110607E /* Resources */ = {
			isa = PBXResourcesBuildPhase;
			buildActionMask = 2147483647;
			files = (
				F521274C642CFF328BF02B2A /* Inter-Bold.ttf in Resources */,
				2CF72A1440122DE40C80A499 /* Inter-Italic.ttf in Resources */,
				926F05AFFEC794982B75F395 /* Inter-Medium.ttf in Resources */,
				948E2D2999B88A52F4313B1A /* Inter-Regular.ttf in Resources */,
				D5566197F7B08166FD48F399 /* Inter-SemiBold.ttf in Resources */,
			);
			runOnlyForDeploymentPostprocessing = 0;
		};
		E359F7E3C003EAE4EDFAC39E /* Resources */ = {
			isa = PBXResourcesBuildPhase;
			buildActionMask = 2147483647;
			files = (
				448C3DC7935A51152A6FDA7B /* Assets.xcassets in Resources */,
				2DB3947D1093B6B16439842B /* Inter-Bold.ttf in Resources */,
				28DE88037753A1734FAF6782 /* Inter-Italic.ttf in Resources */,
				85EA4DC9FA14F32FF1B48E73 /* Inter-Medium.ttf in Resources */,
				7D2CDD2843503E54076623F8 /* Inter-Regular.ttf in Resources */,
				917E0E0C5189D64E5287672A /* Inter-SemiBold.ttf in Resources */,
			);
			runOnlyForDeploymentPostprocessing = 0;
		};
/* End PBXResourcesBuildPhase section */

/* Begin PBXSourcesBuildPhase section */
		169B6F73C573FCE476F1AA65 /* Sources */ = {
			isa = PBXSourcesBuildPhase;
			buildActionMask = 2147483647;
			files = (
				9FF2F71614D6DD643F80844E /* APIClient.swift in Sources */,
				9488898F1174B55B2CA31011 /* AgentChatClient.swift in Sources */,
				591B2A85338AA0864D386D58 /* AgentPromptSettingsView.swift in Sources */,
				88FB935CE262B3509CFCF86D /* AliasesSettingsView.swift in Sources */,
				1FF89C133F0D2DA9611A319F /* AppConfig.swift in Sources */,
				19FF107330BBB6FAE09E8D8E /* AppDelegate.swift in Sources */,
				75A4335D7625EC3BC35E54D6 /* AppModel.swift in Sources */,
				784F348B65D6F07146508A52 /* AppTheme.swift in Sources */,
				69F21D5C6787D7D539D546AD /* AttachmentListView.swift in Sources */,
				C5E8225C2C880AC6DD2D44E8 /* AuthStore.swift in Sources */,
				70FD6A8944FFB04CF64D387B /* AutoReplySettingsView.swift in Sources */,
				AD5A72B5AFFB651EACFC1EB2 /* ChatSheetView.swift in Sources */,
				9FD1E22569C1571649608A34 /* ComposeActionListOverlay.swift in Sources */,
				A2394072D38F90C76FA94A72 /* ComposeDockBar.swift in Sources */,
				76E533F5BBAAC5A9851FA00F /* ComposeFormModel.swift in Sources */,
				C739D111D71A04159CBC722D /* ComposeFormatChrome.swift in Sources */,
				02AF3E299948EDBD49AB52B1 /* ComposeRichTextEditor.swift in Sources */,
				6CA4B65B3CF144644AF4EB1A /* ComposeSheetView.swift in Sources */,
				317C209183BF569CDA6F7D84 /* ContactPillMenu.swift in Sources */,
				7D6A92FBEF9206F8E05686CA /* ContactPillParser.swift in Sources */,
				E7A47B91C386B0A979463B9F /* CoverDragDismiss.swift in Sources */,
				5F3CF3395E621B762337B75F /* DatabaseService.swift in Sources */,
				7EE3D39BD777F0AF92D0C1DE /* DeliveryStatus.swift in Sources */,
				B157225C80D0523AE6C6CDC9 /* DomainAdminDNSView.swift in Sources */,
				FBA191135B4D172A08F34424 /* DomainAdminSettingsView.swift in Sources */,
				C5B92128F6B87965073E2E64 /* EmailActionExecutor.swift in Sources */,
				3EB3BBE9291CDA41A3B864BB /* EmailActionsSheet.swift in Sources */,
				650F811FE367031CBA140324 /* EmailBodyView.swift in Sources */,
				4BB746CC01943E75D6A9B48A /* EmailDetailView.swift in Sources */,
				AB932202FDC329C27C143391 /* EmailHTMLSanitizer.swift in Sources */,
				6D12A46B63106251C99390BB /* EmailListView.swift in Sources */,
				09E0D6A7C881D7F76F6C9D9F /* FiltersSettingsView.swift in Sources */,
				1F20522DD4AA7068625488CC /* FlowLayout.swift in Sources */,
				47889E308407CEA2EBEB6704 /* ForwardingSettingsView.swift in Sources */,
				88944A707FD0A19F995EF96B /* HomeShellView.swift in Sources */,
				3770413860D08C5653807FD5 /* InboxDigestView.swift in Sources */,
				4A9AA670A55D6114A8355823 /* InboxiesApp.swift in Sources */,
				F2425D0712AEABC65863A995 /* LiquidGlass.swift in Sources */,
				D58D3EF1F02A06F20A858B41 /* MailboxSyncService.swift in Sources */,
				2A94071C618491B2926E1A38 /* MarkdownContentView.swift in Sources */,
				56341FB47D85681AFC883737 /* Models.swift in Sources */,
				5132C35E8D5354EEEC478D83 /* OutboundAttachments.swift in Sources */,
				3C72EC4E0AB026763B5FD0CA /* OutboxQueueWorker.swift in Sources */,
				BEABE6117A87AF07E976CF2E /* PreviewSupport.swift in Sources */,
				4036CA43F66EEBABB7EBDD60 /* PushNotificationManager.swift in Sources */,
				3C0C180D74BFB7BBF094FC71 /* RealTimeStreamClient.swift in Sources */,
				A6B605532E5FC5A2DF29CC9E /* RootView.swift in Sources */,
				06A3BD86E3512DAC2AEADEB2 /* SearchQueryParser.swift in Sources */,
				21C19EA017DB404F992CC4A0 /* SearchView.swift in Sources */,
				5C1AC64643194A4F397B7200 /* SendersSettingsView.swift in Sources */,
				1286013798CAD42988C193AF /* SettingsSheetView.swift in Sources */,
				5A7F7E5E7E706B871C00DD32 /* SharedSession.swift in Sources */,
				F40535151517BD2E4A487227 /* SharingSettingsView.swift in Sources */,
				DE392527BA52567BF58C6AA2 /* SignInMethodsSettingsView.swift in Sources */,
				DDD0D7757CBEBB4D166EE59D /* SignInView.swift in Sources */,
				F96094F83B37222A8FD02A81 /* SplashScreenView.swift in Sources */,
				5510A17A43A4EE36F6302D8D /* SwipeActionPreferences.swift in Sources */,
				3DC940505BA0CE48B10AD127 /* SwipeSettingsView.swift in Sources */,
				7B7D0DD6B5B25BDC18FE5ED1 /* TextFlowLayout.swift in Sources */,
				D1A18F95D1ED4AF08CF9EC6E /* ThemeController.swift in Sources */,
				735E1C05C28F1E399465E7C4 /* ThemeMode.swift in Sources */,
				2CB7E2222524456EE00AF4A3 /* ThemeSettingsView.swift in Sources */,
				8BD503C1BB8CECFACE798F77 /* UndoToastBanner.swift in Sources */,
			);
			runOnlyForDeploymentPostprocessing = 0;
		};
		1E21147825F61C109A75E370 /* Sources */ = {
			isa = PBXSourcesBuildPhase;
			buildActionMask = 2147483647;
			files = (
				FFCDD7CFD3A77A3C7BB29D37 /* SearchQueryParserTests.swift in Sources */,
			);
			runOnlyForDeploymentPostprocessing = 0;
		};
		70EDEE17F2784254CF046A5A /* Sources */ = {
			isa = PBXSourcesBuildPhase;
			buildActionMask = 2147483647;
			files = (
				514638234040FDFA6017B5D3 /* AppConfig.swift in Sources */,
				061AF937011AB224A77EB48E /* AppTheme.swift in Sources */,
				DBC178DEC913BB9FBBC95E36 /* CredentialProviderViewController.swift in Sources */,
				E61ADC2996F8521E2CCC68C6 /* PrivateEmailClient.swift in Sources */,
				C08F4C03E2FD7A5DEB6A55CB /* PrivateEmailRequestView.swift in Sources */,
				DA0FACBDA64ED71EC7577126 /* SharedSession.swift in Sources */,
			);
			runOnlyForDeploymentPostprocessing = 0;
		};
/* End PBXSourcesBuildPhase section */

/* Begin PBXTargetDependency section */
		6DD2AC3ABAC0E64B7BE1E13D /* PBXTargetDependency */ = {
			isa = PBXTargetDependency;
			target = 5C005FCFFEB0AD7C79137BB5 /* Inboxies */;
			targetProxy = 18F3C5AC25C7DF8455C389DE /* PBXContainerItemProxy */;
		};
		7E26BF759B674B52EC24ED78 /* PBXTargetDependency */ = {
			isa = PBXTargetDependency;
			target = AE04431C6ED7A369045309ED /* InboxiesCredentialProvider */;
			targetProxy = A32BC5274C979F86221C0C77 /* PBXContainerItemProxy */;
		};
/* End PBXTargetDependency section */

/* Begin XCBuildConfiguration section */
		03F3E5005F87D78AEC3CAEED /* Debug */ = {
			isa = XCBuildConfiguration;
			buildSettings = {
				ASSETCATALOG_COMPILER_APPICON_NAME = AppIcon;
				ASSETCATALOG_COMPILER_INCLUDE_ALL_APPICON_ASSETS = NO;
				CODE_SIGN_ENTITLEMENTS = Inboxies/Inboxies.entitlements;
				CODE_SIGN_IDENTITY = "Apple Development";
				"CODE_SIGN_IDENTITY[sdk=iphonesimulator*]" = "-";
				CURRENT_PROJECT_VERSION = 1;
				ENABLE_TESTABILITY = YES;
				GENERATE_INFOPLIST_FILE = NO;
				INFOPLIST_FILE = Inboxies/Info.plist;
				INFOPLIST_KEY_CFBundleDisplayName = Inboxies;
				INFOPLIST_KEY_ITSAppUsesNonExemptEncryption = NO;
				INFOPLIST_KEY_LSApplicationCategoryType = "public.app-category.utilities";
				LD_RUNPATH_SEARCH_PATHS = (
					"$(inherited)",
					"@executable_path/Frameworks",
				);
				MARKETING_VERSION = 1.0;
				PRODUCT_BUNDLE_IDENTIFIER = co.inboxies.app;
				SDKROOT = iphoneos;
				SUPPORTED_PLATFORMS = "iphoneos iphonesimulator";
				SUPPORTS_MACCATALYST = NO;
				SWIFT_EMIT_LOC_STRINGS = YES;
				TARGETED_DEVICE_FAMILY = 1;
			};
			name = Debug;
		};
		3A7450E04ED04D4D3881BADE /* Debug */ = {
			isa = XCBuildConfiguration;
			buildSettings = {
				BUNDLE_LOADER = "$(TEST_HOST)";
				CLANG_ENABLE_OBJC_WEAK = NO;
				GENERATE_INFOPLIST_FILE = YES;
				LD_RUNPATH_SEARCH_PATHS = (
					"$(inherited)",
					"@executable_path/Frameworks",
					"@loader_path/Frameworks",
				);
				PRODUCT_BUNDLE_IDENTIFIER = co.inboxies.InboxiesTests;
				PRODUCT_MODULE_NAME = InboxiesTests;
				SDKROOT = iphoneos;
				SUPPORTED_PLATFORMS = "iphoneos iphonesimulator";
				SUPPORTS_MACCATALYST = NO;
				TARGETED_DEVICE_FAMILY = 1;
				TEST_HOST = "$(BUILT_PRODUCTS_DIR)/Inboxies.app/$(BUNDLE_EXECUTABLE_FOLDER_PATH)/Inboxies";
			};
			name = Debug;
		};
		51E94AA1337CD1C79E5CA4D5 /* Release */ = {
			isa = XCBuildConfiguration;
			buildSettings = {
				APPLICATION_EXTENSION_API_ONLY = YES;
				CODE_SIGN_ENTITLEMENTS = InboxiesCredentialProvider/InboxiesCredentialProvider.entitlements;
				CURRENT_PROJECT_VERSION = 1;
				GENERATE_INFOPLIST_FILE = NO;
				INFOPLIST_FILE = InboxiesCredentialProvider/Info.plist;
				LD_RUNPATH_SEARCH_PATHS = (
					"$(inherited)",
					"@executable_path/Frameworks",
					"@executable_path/../../Frameworks",
				);
				MARKETING_VERSION = 1.0;
				PRODUCT_BUNDLE_IDENTIFIER = "co.inboxies.app.credential-provider";
				SDKROOT = iphoneos;
				SKIP_INSTALL = YES;
				SUPPORTED_PLATFORMS = "iphoneos iphonesimulator";
				SUPPORTS_MACCATALYST = NO;
				SWIFT_EMIT_LOC_STRINGS = YES;
				TARGETED_DEVICE_FAMILY = 1;
			};
			name = Release;
		};
		52ED74107D1DD95818606971 /* Release */ = {
			isa = XCBuildConfiguration;
			buildSettings = {
				BUNDLE_LOADER = "$(TEST_HOST)";
				CLANG_ENABLE_OBJC_WEAK = NO;
				GENERATE_INFOPLIST_FILE = YES;
				LD_RUNPATH_SEARCH_PATHS = (
					"$(inherited)",
					"@executable_path/Frameworks",
					"@loader_path/Frameworks",
				);
				PRODUCT_BUNDLE_IDENTIFIER = co.inboxies.InboxiesTests;
				PRODUCT_MODULE_NAME = InboxiesTests;
				SDKROOT = iphoneos;
				SUPPORTED_PLATFORMS = "iphoneos iphonesimulator";
				SUPPORTS_MACCATALYST = NO;
				TARGETED_DEVICE_FAMILY = 1;
				TEST_HOST = "$(BUILT_PRODUCTS_DIR)/Inboxies.app/$(BUNDLE_EXECUTABLE_FOLDER_PATH)/Inboxies";
			};
			name = Release;
		};
		550E0049EE50FDF246EC4EE2 /* Release */ = {
			isa = XCBuildConfiguration;
			buildSettings = {
				ALWAYS_SEARCH_USER_PATHS = NO;
				CLANG_ANALYZER_NONNULL = YES;
				CLANG_ANALYZER_NUMBER_OBJECT_CONVERSION = YES_AGGRESSIVE;
				CLANG_CXX_LANGUAGE_STANDARD = "gnu++14";
				CLANG_CXX_LIBRARY = "libc++";
				CLANG_ENABLE_MODULES = YES;
				CLANG_ENABLE_OBJC_ARC = YES;
				CLANG_ENABLE_OBJC_WEAK = YES;
				CLANG_WARN_BLOCK_CAPTURE_AUTORELEASING = YES;
				CLANG_WARN_BOOL_CONVERSION = YES;
				CLANG_WARN_COMMA = YES;
				CLANG_WARN_CONSTANT_CONVERSION = YES;
				CLANG_WARN_DEPRECATED_OBJC_IMPLEMENTATIONS = YES;
				CLANG_WARN_DIRECT_OBJC_ISA_USAGE = YES_ERROR;
				CLANG_WARN_DOCUMENTATION_COMMENTS = YES;
				CLANG_WARN_EMPTY_BODY = YES;
				CLANG_WARN_ENUM_CONVERSION = YES;
				CLANG_WARN_INFINITE_RECURSION = YES;
				CLANG_WARN_INT_CONVERSION = YES;
				CLANG_WARN_NON_LITERAL_NULL_CONVERSION = YES;
				CLANG_WARN_OBJC_IMPLICIT_RETAIN_SELF = YES;
				CLANG_WARN_OBJC_LITERAL_CONVERSION = YES;
				CLANG_WARN_OBJC_ROOT_CLASS = YES_ERROR;
				CLANG_WARN_QUOTED_INCLUDE_IN_FRAMEWORK_HEADER = YES;
				CLANG_WARN_RANGE_LOOP_ANALYSIS = YES;
				CLANG_WARN_STRICT_PROTOTYPES = YES;
				CLANG_WARN_SUSPICIOUS_MOVE = YES;
				CLANG_WARN_UNGUARDED_AVAILABILITY = YES_AGGRESSIVE;
				CLANG_WARN_UNREACHABLE_CODE = YES;
				CLANG_WARN__DUPLICATE_METHOD_MATCH = YES;
				CODE_SIGN_STYLE = Automatic;
				COPY_PHASE_STRIP = NO;
				DEBUG_INFORMATION_FORMAT = "dwarf-with-dsym";
				DEVELOPMENT_TEAM = B6X6773H7F;
				ENABLE_NS_ASSERTIONS = NO;
				ENABLE_STRICT_OBJC_MSGSEND = YES;
				ENABLE_USER_SCRIPT_SANDBOXING = YES;
				GCC_C_LANGUAGE_STANDARD = gnu11;
				GCC_NO_COMMON_BLOCKS = YES;
				GCC_WARN_64_TO_32_BIT_CONVERSION = YES;
				GCC_WARN_ABOUT_RETURN_TYPE = YES;
				GCC_WARN_UNDECLARED_SELECTOR = YES;
				GCC_WARN_UNINITIALIZED_AUTOS = YES;
				GCC_WARN_UNUSED_FUNCTION = YES;
				GCC_WARN_UNUSED_VARIABLE = YES;
				IPHONEOS_DEPLOYMENT_TARGET = 17.0;
				MTL_ENABLE_DEBUG_INFO = NO;
				MTL_FAST_MATH = YES;
				PRODUCT_NAME = "$(TARGET_NAME)";
				SDKROOT = iphoneos;
				STRING_CATALOG_GENERATE_SYMBOLS = YES;
				SUPPORTS_MAC_DESIGNED_FOR_IPHONE_IPAD = NO;
				SUPPORTS_XR_DESIGNED_FOR_IPHONE_IPAD = NO;
				SWIFT_COMPILATION_MODE = wholemodule;
				SWIFT_OPTIMIZATION_LEVEL = "-O";
				SWIFT_VERSION = 5.10;
				VALIDATE_PRODUCT = YES;
			};
			name = Release;
		};
		9A96A206C29CE64D2D9A91F9 /* Debug */ = {
			isa = XCBuildConfiguration;
			buildSettings = {
				APPLICATION_EXTENSION_API_ONLY = YES;
				CODE_SIGN_ENTITLEMENTS = InboxiesCredentialProvider/InboxiesCredentialProvider.entitlements;
				CURRENT_PROJECT_VERSION = 1;
				GENERATE_INFOPLIST_FILE = NO;
				INFOPLIST_FILE = InboxiesCredentialProvider/Info.plist;
				LD_RUNPATH_SEARCH_PATHS = (
					"$(inherited)",
					"@executable_path/Frameworks",
					"@executable_path/../../Frameworks",
				);
				MARKETING_VERSION = 1.0;
				PRODUCT_BUNDLE_IDENTIFIER = "co.inboxies.app.credential-provider";
				SDKROOT = iphoneos;
				SKIP_INSTALL = YES;
				SUPPORTED_PLATFORMS = "iphoneos iphonesimulator";
				SUPPORTS_MACCATALYST = NO;
				SWIFT_EMIT_LOC_STRINGS = YES;
				TARGETED_DEVICE_FAMILY = 1;
			};
			name = Debug;
		};
		A565BD09C2E34D279357B34C /* Debug */ = {
			isa = XCBuildConfiguration;
			buildSettings = {
				ALWAYS_SEARCH_USER_PATHS = NO;
				CLANG_ANALYZER_NONNULL = YES;
				CLANG_ANALYZER_NUMBER_OBJECT_CONVERSION = YES_AGGRESSIVE;
				CLANG_CXX_LANGUAGE_STANDARD = "gnu++14";
				CLANG_CXX_LIBRARY = "libc++";
				CLANG_ENABLE_MODULES = YES;
				CLANG_ENABLE_OBJC_ARC = YES;
				CLANG_ENABLE_OBJC_WEAK = YES;
				CLANG_WARN_BLOCK_CAPTURE_AUTORELEASING = YES;
				CLANG_WARN_BOOL_CONVERSION = YES;
				CLANG_WARN_COMMA = YES;
				CLANG_WARN_CONSTANT_CONVERSION = YES;
				CLANG_WARN_DEPRECATED_OBJC_IMPLEMENTATIONS = YES;
				CLANG_WARN_DIRECT_OBJC_ISA_USAGE = YES_ERROR;
				CLANG_WARN_DOCUMENTATION_COMMENTS = YES;
				CLANG_WARN_EMPTY_BODY = YES;
				CLANG_WARN_ENUM_CONVERSION = YES;
				CLANG_WARN_INFINITE_RECURSION = YES;
				CLANG_WARN_INT_CONVERSION = YES;
				CLANG_WARN_NON_LITERAL_NULL_CONVERSION = YES;
				CLANG_WARN_OBJC_IMPLICIT_RETAIN_SELF = YES;
				CLANG_WARN_OBJC_LITERAL_CONVERSION = YES;
				CLANG_WARN_OBJC_ROOT_CLASS = YES_ERROR;
				CLANG_WARN_QUOTED_INCLUDE_IN_FRAMEWORK_HEADER = YES;
				CLANG_WARN_RANGE_LOOP_ANALYSIS = YES;
				CLANG_WARN_STRICT_PROTOTYPES = YES;
				CLANG_WARN_SUSPICIOUS_MOVE = YES;
				CLANG_WARN_UNGUARDED_AVAILABILITY = YES_AGGRESSIVE;
				CLANG_WARN_UNREACHABLE_CODE = YES;
				CLANG_WARN__DUPLICATE_METHOD_MATCH = YES;
				CODE_SIGN_STYLE = Automatic;
				COPY_PHASE_STRIP = NO;
				DEBUG_INFORMATION_FORMAT = dwarf;
				DEVELOPMENT_TEAM = B6X6773H7F;
				ENABLE_STRICT_OBJC_MSGSEND = YES;
				ENABLE_TESTABILITY = YES;
				ENABLE_USER_SCRIPT_SANDBOXING = YES;
				GCC_C_LANGUAGE_STANDARD = gnu11;
				GCC_DYNAMIC_NO_PIC = NO;
				GCC_NO_COMMON_BLOCKS = YES;
				GCC_OPTIMIZATION_LEVEL = 0;
				GCC_PREPROCESSOR_DEFINITIONS = (
					"$(inherited)",
					"DEBUG=1",
				);
				GCC_WARN_64_TO_32_BIT_CONVERSION = YES;
				GCC_WARN_ABOUT_RETURN_TYPE = YES;
				GCC_WARN_UNDECLARED_SELECTOR = YES;
				GCC_WARN_UNINITIALIZED_AUTOS = YES;
				GCC_WARN_UNUSED_FUNCTION = YES;
				GCC_WARN_UNUSED_VARIABLE = YES;
				IPHONEOS_DEPLOYMENT_TARGET = 17.0;
				MTL_ENABLE_DEBUG_INFO = INCLUDE_SOURCE;
				MTL_FAST_MATH = YES;
				ONLY_ACTIVE_ARCH = YES;
				PRODUCT_NAME = "$(TARGET_NAME)";
				SDKROOT = iphoneos;
				STRING_CATALOG_GENERATE_SYMBOLS = YES;
				SUPPORTS_MAC_DESIGNED_FOR_IPHONE_IPAD = NO;
				SUPPORTS_XR_DESIGNED_FOR_IPHONE_IPAD = NO;
				SWIFT_ACTIVE_COMPILATION_CONDITIONS = DEBUG;
				SWIFT_OPTIMIZATION_LEVEL = "-Onone";
				SWIFT_VERSION = 5.10;
			};
			name = Debug;
		};
		B203E30FEA61229666604C51 /* Release */ = {
			isa = XCBuildConfiguration;
			buildSettings = {
				ASSETCATALOG_COMPILER_APPICON_NAME = AppIcon;
				ASSETCATALOG_COMPILER_INCLUDE_ALL_APPICON_ASSETS = NO;
				CODE_SIGN_ENTITLEMENTS = Inboxies/Inboxies.entitlements;
				CODE_SIGN_IDENTITY = "Apple Development";
				"CODE_SIGN_IDENTITY[sdk=iphonesimulator*]" = "-";
				CURRENT_PROJECT_VERSION = 1;
				ENABLE_TESTABILITY = YES;
				GENERATE_INFOPLIST_FILE = NO;
				INFOPLIST_FILE = Inboxies/Info.plist;
				INFOPLIST_KEY_CFBundleDisplayName = Inboxies;
				INFOPLIST_KEY_ITSAppUsesNonExemptEncryption = NO;
				INFOPLIST_KEY_LSApplicationCategoryType = "public.app-category.utilities";
				LD_RUNPATH_SEARCH_PATHS = (
					"$(inherited)",
					"@executable_path/Frameworks",
				);
				MARKETING_VERSION = 1.0;
				PRODUCT_BUNDLE_IDENTIFIER = co.inboxies.app;
				SDKROOT = iphoneos;
				SUPPORTED_PLATFORMS = "iphoneos iphonesimulator";
				SUPPORTS_MACCATALYST = NO;
				SWIFT_EMIT_LOC_STRINGS = YES;
				TARGETED_DEVICE_FAMILY = 1;
			};
			name = Release;
		};
/* End XCBuildConfiguration section */

/* Begin XCConfigurationList section */
		4FB2D3FB7BCE3E583DF7CD47 /* Build configuration list for PBXNativeTarget "InboxiesTests" */ = {
			isa = XCConfigurationList;
			buildConfigurations = (
				3A7450E04ED04D4D3881BADE /* Debug */,
				52ED74107D1DD95818606971 /* Release */,
			);
			defaultConfigurationIsVisible = 0;
			defaultConfigurationName = Debug;
		};
		85DFDFC9D21A8E57F9AD34C1 /* Build configuration list for PBXNativeTarget "InboxiesCredentialProvider" */ = {
			isa = XCConfigurationList;
			buildConfigurations = (
				9A96A206C29CE64D2D9A91F9 /* Debug */,
				51E94AA1337CD1C79E5CA4D5 /* Release */,
			);
			defaultConfigurationIsVisible = 0;
			defaultConfigurationName = Debug;
		};
		A453F637085FA60D1FD69253 /* Build configuration list for PBXNativeTarget "Inboxies" */ = {
			isa = XCConfigurationList;
			buildConfigurations = (
				03F3E5005F87D78AEC3CAEED /* Debug */,
				B203E30FEA61229666604C51 /* Release */,
			);
			defaultConfigurationIsVisible = 0;
			defaultConfigurationName = Debug;
		};
		AD1353049CB58D7C781B7AF6 /* Build configuration list for PBXProject "Inboxies" */ = {
			isa = XCConfigurationList;
			buildConfigurations = (
				A565BD09C2E34D279357B34C /* Debug */,
				550E0049EE50FDF246EC4EE2 /* Release */,
			);
			defaultConfigurationIsVisible = 0;
			defaultConfigurationName = Debug;
		};
/* End XCConfigurationList section */

/* Begin XCRemoteSwiftPackageReference section */
		91975146B580DF00B70C2968 /* XCRemoteSwiftPackageReference "SwiftSoup" */ = {
			isa = XCRemoteSwiftPackageReference;
			repositoryURL = "https://github.com/scinfu/SwiftSoup.git";
			requirement = {
				kind = upToNextMajorVersion;
				minimumVersion = 2.7.6;
			};
		};
/* End XCRemoteSwiftPackageReference section */

/* Begin XCSwiftPackageProductDependency section */
		12C50370F1B39D0A2745664E /* SwiftSoup */ = {
			isa = XCSwiftPackageProductDependency;
			package = 91975146B580DF00B70C2968 /* XCRemoteSwiftPackageReference "SwiftSoup" */;
			productName = SwiftSoup;
		};
/* End XCSwiftPackageProductDependency section */
	};
	rootObject = 104FC2B94485F6F85DF662FD /* Project object */;
}
